
Microsoft Visual Studio Solution File, Format Version 12.00
# Visual Studio 15
VisualStudioVersion = 15.0.27130.2010
MinimumVisualStudioVersion = 10.0.40219.1
Project("{6EC3EE1D-3C4E-46DD-8F32-0CC8E7565705}") = "AutomatedTestReporter.Core", "src\AutomatedTestReporter.Core\AutomatedTestReporter.Core.fsproj", "{1016D21A-03DC-4CEA-9F75-A5CD8F0ED699}"
EndProject
Project("{FAE04EC0-301F-11D3-BF4B-00C04F79EFBC}") = "AutomatedTestReporter.Web", "src\AutomatedTestReporter.Web\AutomatedTestReporter.Web.csproj", "{F2170FAA-1E6D-4B16-9449-8887BE5B8181}"
EndProject
Global
	GlobalSection(SolutionConfigurationPlatforms) = preSolution
		Debug|Any CPU = Debug|Any CPU
		Release|Any CPU = Release|Any CPU
	EndGlobalSection
	GlobalSection(ProjectConfigurationPlatforms) = postSolution
		{1016D21A-03DC-4CEA-9F75-A5CD8F0ED699}.Debug|Any CPU.ActiveCfg = Debug|Any CPU
		{1016D21A-03DC-4CEA-9F75-A5CD8F0ED699}.Debug|Any CPU.Build.0 = Debug|Any CPU
		{1016D21A-03DC-4CEA-9F75-A5CD8F0ED699}.Release|Any CPU.ActiveCfg = Release|Any CPU
		{1016D21A-03DC-4CEA-9F75-A5CD8F0ED699}.Release|Any CPU.Build.0 = Release|Any CPU
		{F2170FAA-1E6D-4B16-9449-8887BE5B8181}.Debug|Any CPU.ActiveCfg = Debug|Any CPU
		{F2170FAA-1E6D-4B16-9449-8887BE5B8181}.Debug|Any CPU.Build.0 = Debug|Any CPU
		{F2170FAA-1E6D-4B16-9449-8887BE5B8181}.Release|Any CPU.ActiveCfg = Release|Any CPU
		{F2170FAA-1E6D-4B16-9449-8887BE5B8181}.Release|Any CPU.Build.0 = Release|Any CPU
	EndGlobalSection
	GlobalSection(SolutionProperties) = preSolution
		HideSolutionNode = FALSE
	EndGlobalSection
	GlobalSection(ExtensibilityGlobals) = postSolution
		SolutionGuid = {4647FD86-6C7B-4384-B926-1D5F3A569148}
	EndGlobalSection
EndGlobal
